
Microsoft Visual Studio Solution File, Format Version 12.00
# Visual Studio Version 17
VisualStudioVersion = 17.10.35004.147
MinimumVisualStudioVersion = 10.0.40219.1
Project("{FAE04EC0-301F-11D3-BF4B-00C04F79EFBC}") = "SalesWebMVC", "SalesWebMVC\SalesWebMVC.csproj", "{818250B3-3573-4D66-A957-6F331B8F181B}"
EndProject
Global
	GlobalSection(SolutionConfigurationPlatforms) = preSolution
		Debug|Any CPU = Debug|Any CPU
		Release|Any CPU = Release|Any CPU
	EndGlobalSection
	GlobalSection(ProjectConfigurationPlatforms) = postSolution
		{818250B3-3573-4D66-A957-6F331B8F181B}.Debug|Any CPU.ActiveCfg = Debug|Any CPU
		{818250B3-3573-4D66-A957-6F331B8F181B}.Debug|Any CPU.Build.0 = Debug|Any CPU
		{818250B3-3573-4D66-A957-6F331B8F181B}.Release|Any CPU.ActiveCfg = Release|Any CPU
		{818250B3-3573-4D66-A957-6F331B8F181B}.Release|Any CPU.Build.0 = Release|Any CPU
	EndGlobalSection
	GlobalSection(SolutionProperties) = preSolution
		HideSolutionNode = FALSE
	EndGlobalSection
	GlobalSection(ExtensibilityGlobals) = postSolution
		SolutionGuid = {84D6CADD-3701-4700-902C-C65DBB72BB32}
	EndGlobalSection
EndGlobal
